
Microsoft Visual Studio Solution File, Format Version 12.00
Project("{FAE04EC0-301F-11D3-BF4B-00C04F79EFBC}") = "Task1", "Task1\Task1.csproj", "{D982174C-33A1-4BA0-89C1-6D2DE367DFDE}"
EndProject
Global
	GlobalSection(SolutionConfigurationPlatforms) = preSolution
		Debug|Any CPU = Debug|Any CPU
		Release|Any CPU = Release|Any CPU
	EndGlobalSection
	GlobalSection(ProjectConfigurationPlatforms) = postSolution
		{D982174C-33A1-4BA0-89C1-6D2DE367DFDE}.Debug|Any CPU.ActiveCfg = Debug|Any CPU
		{D982174C-33A1-4BA0-89C1-6D2DE367DFDE}.Debug|Any CPU.Build.0 = Debug|Any CPU
		{D982174C-33A1-4BA0-89C1-6D2DE367DFDE}.Release|Any CPU.ActiveCfg = Release|Any CPU
		{D982174C-33A1-4BA0-89C1-6D2DE367DFDE}.Release|Any CPU.Build.0 = Release|Any CPU
	EndGlobalSection
EndGlobal
